
Microsoft Visual Studio Solution File, Format Version 12.00
# Visual Studio Version 17
VisualStudioVersion = 17.3.32804.467
MinimumVisualStudioVersion = 10.0.40219.1
Project("{9A19103F-16F7-4668-BE54-9A1E7A4F7556}") = "CardStorageService", "CardStorageService\CardStorageService.csproj", "{4442FB75-E929-4023-AFF4-510E39DA1CD7}"
EndProject
Project("{2150E333-8FDC-42A3-9474-1A3956D46DE8}") = "Solution Items", "Solution Items", "{DA3AC78B-749F-43BC-83A7-73830D2A08E4}"
	ProjectSection(SolutionItems) = preProject
		ef.readme.txt = ef.readme.txt
	EndProjectSection
EndProject
Project("{9A19103F-16F7-4668-BE54-9A1E7A4F7556}") = "CardStorageService.Data", "CardStorageService.Data\CardStorageService.Data.csproj", "{C90578A3-EB0F-4FDF-A9EE-09817BA56B38}"
EndProject
Project("{9A19103F-16F7-4668-BE54-9A1E7A4F7556}") = "PasswordUtilsClient", "PasswordUtilsClient\PasswordUtilsClient.csproj", "{C772CA6D-7143-4609-A625-8833A8609A64}"
EndProject
Project("{FAE04EC0-301F-11D3-BF4B-00C04F79EFBC}") = "CardStorageClient", "CardStorageClient\CardStorageClient.csproj", "{0A58F9F2-0CFB-46B1-BAB4-547EBCB0C141}"
EndProject
Global
	GlobalSection(SolutionConfigurationPlatforms) = preSolution
		Debug|Any CPU = Debug|Any CPU
		Release|Any CPU = Release|Any CPU
	EndGlobalSection
	GlobalSection(ProjectConfigurationPlatforms) = postSolution
		{4442FB75-E929-4023-AFF4-510E39DA1CD7}.Debug|Any CPU.ActiveCfg = Debug|Any CPU
		{4442FB75-E929-4023-AFF4-510E39DA1CD7}.Debug|Any CPU.Build.0 = Debug|Any CPU
		{4442FB75-E929-4023-AFF4-510E39DA1CD7}.Release|Any CPU.ActiveCfg = Release|Any CPU
		{4442FB75-E929-4023-AFF4-510E39DA1CD7}.Release|Any CPU.Build.0 = Release|Any CPU
		{C90578A3-EB0F-4FDF-A9EE-09817BA56B38}.Debug|Any CPU.ActiveCfg = Debug|Any CPU
		{C90578A3-EB0F-4FDF-A9EE-09817BA56B38}.Debug|Any CPU.Build.0 = Debug|Any CPU
		{C90578A3-EB0F-4FDF-A9EE-09817BA56B38}.Release|Any CPU.ActiveCfg = Release|Any CPU
		{C90578A3-EB0F-4FDF-A9EE-09817BA56B38}.Release|Any CPU.Build.0 = Release|Any CPU
		{C772CA6D-7143-4609-A625-8833A8609A64}.Debug|Any CPU.ActiveCfg = Debug|Any CPU
		{C772CA6D-7143-4609-A625-8833A8609A64}.Debug|Any CPU.Build.0 = Debug|Any CPU
		{C772CA6D-7143-4609-A625-8833A8609A64}.Release|Any CPU.ActiveCfg = Release|Any CPU
		{C772CA6D-7143-4609-A625-8833A8609A64}.Release|Any CPU.Build.0 = Release|Any CPU
		{0A58F9F2-0CFB-46B1-BAB4-547EBCB0C141}.Debug|Any CPU.ActiveCfg = Debug|Any CPU
		{0A58F9F2-0CFB-46B1-BAB4-547EBCB0C141}.Debug|Any CPU.Build.0 = Debug|Any CPU
		{0A58F9F2-0CFB-46B1-BAB4-547EBCB0C141}.Release|Any CPU.ActiveCfg = Release|Any CPU
		{0A58F9F2-0CFB-46B1-BAB4-547EBCB0C141}.Release|Any CPU.Build.0 = Release|Any CPU
	EndGlobalSection
	GlobalSection(SolutionProperties) = preSolution
		HideSolutionNode = FALSE
	EndGlobalSection
	GlobalSection(ExtensibilityGlobals) = postSolution
		SolutionGuid = {F95EDBCC-F418-4858-8A84-D99E047A68A0}
	EndGlobalSection
EndGlobal
